{
  "nodes": {
    "dankMaterialShell": {
      "inputs": {
        "dgop": "dgop",
        "dms-cli": "dms-cli",
        "nixpkgs": [
          "home",
          "nixpkgs"
        ],
        "quickshell": "quickshell"
      },
      "locked": {
        "lastModified": 1760731392,
        "narHash": "sha256-tO4k932ag1WCQ6BfsCKTBaIokBjzB5cu7q0K1K9+KlU=",
        "owner": "AvengeMedia",
        "repo": "DankMaterialShell",
        "rev": "205c43181b135f5ad6cee445179222cf6c2de777",
        "type": "github"
      },
      "original": {
        "owner": "AvengeMedia",
        "repo": "DankMaterialShell",
        "type": "github"
      }
    },
    "dgop": {
      "inputs": {
        "nixpkgs": [
          "home",
          "dankMaterialShell",
          "nixpkgs"
        ]
      },
      "locked": {
        "lastModified": 1760238269,
        "narHash": "sha256-7CeGZM/Z/5Qt3AYByCRohGYGR1MRuXYzTTbkV/JxyAs=",
        "owner": "AvengeMedia",
        "repo": "dgop",
        "rev": "95acdfce2d323e28fa8f5a4f345160962034f2b5",
        "type": "github"
      },
      "original": {
        "owner": "AvengeMedia",
        "repo": "dgop",
        "type": "github"
      }
    },
    "dms-cli": {
      "inputs": {
        "nixpkgs": [
          "home",
          "dankMaterialShell",
          "nixpkgs"
        ]
      },
      "locked": {
        "lastModified": 1760241259,
        "narHash": "sha256-DlLGn+4M6tIafoDsHr2WhHG2hrHrC24S2IL3+KAvjEU=",
        "owner": "AvengeMedia",
        "repo": "danklinux",
        "rev": "dae4c3ff4ce0feb930361c399747edb29d081775",
        "type": "github"
      },
      "original": {
        "owner": "AvengeMedia",
        "repo": "danklinux",
        "type": "github"
      }
    },
    "home": {
      "inputs": {
        "dankMaterialShell": "dankMaterialShell",
        "home-manager": [
          "home-manager"
        ],
        "niri": "niri",
        "nixpkgs": [
          "nixpkgs"
        ],
        "nixpkgs-unstable": [
          "nixpkgs-unstable"
        ]
      },
      "locked": {
        "lastModified": 1760692801,
        "narHash": "sha256-lEfQhiIvksMRde7UJxTeaNhKmRzc9+rxR7pGd6qIXNg=",
        "owner": "alex-kumpula",
        "repo": "home-config",
        "rev": "9d148d80a51360ee96060a08f37d48087369244d",
        "type": "github"
      },
      "original": {
        "owner": "alex-kumpula",
        "repo": "home-config",
        "type": "github"
      }
    },
    "home-manager": {
      "inputs": {
        "nixpkgs": [
          "nixpkgs"
        ]
      },
      "locked": {
        "lastModified": 1758463745,
        "narHash": "sha256-uhzsV0Q0I9j2y/rfweWeGif5AWe0MGrgZ/3TjpDYdGA=",
        "owner": "nix-community",
        "repo": "home-manager",
        "rev": "3b955f5f0a942f9f60cdc9cacb7844335d0f21c3",
        "type": "github"
      },
      "original": {
        "owner": "nix-community",
        "ref": "release-25.05",
        "repo": "home-manager",
        "type": "github"
      }
    },
    "niri": {
      "inputs": {
        "niri-stable": "niri-stable",
        "niri-unstable": "niri-unstable",
        "nixpkgs": [
          "home",
          "nixpkgs"
        ],
        "nixpkgs-stable": "nixpkgs-stable",
        "xwayland-satellite-stable": "xwayland-satellite-stable",
        "xwayland-satellite-unstable": "xwayland-satellite-unstable"
      },
      "locked": {
        "lastModified": 1760721062,
        "narHash": "sha256-ZOIN/KI7lQ6kdg00fiK4rzShBamWS63iIFXRdXa/RGY=",
        "owner": "sodiboo",
        "repo": "niri-flake",
        "rev": "154ff02273624f98242682b2a015e67664a00df7",
        "type": "github"
      },
      "original": {
        "owner": "sodiboo",
        "repo": "niri-flake",
        "type": "github"
      }
    },
    "niri-stable": {
      "flake": false,
      "locked": {
        "lastModified": 1756556321,
        "narHash": "sha256-RLD89dfjN0RVO86C/Mot0T7aduCygPGaYbog566F0Qo=",
        "owner": "YaLTeR",
        "repo": "niri",
        "rev": "01be0e65f4eb91a9cd624ac0b76aaeab765c7294",
        "type": "github"
      },
      "original": {
        "owner": "YaLTeR",
        "ref": "v25.08",
        "repo": "niri",
        "type": "github"
      }
    },
    "niri-unstable": {
      "flake": false,
      "locked": {
        "lastModified": 1760713401,
        "narHash": "sha256-87WP8+hzAkt9JjsQ08ZvdAnfC8vLPxLQlSOF4C6Yka0=",
        "owner": "YaLTeR",
        "repo": "niri",
        "rev": "ada6e844ba609db60830e92316f989cb7e1e8bdf",
        "type": "github"
      },
      "original": {
        "owner": "YaLTeR",
        "repo": "niri",
        "type": "github"
      }
    },
    "nixpkgs": {
      "locked": {
        "lastModified": 1760580664,
        "narHash": "sha256-/YdfibIrnqXAL8p5kqCU345mzpHoOtuVIkMiI2pF4Dc=",
        "owner": "nixos",
        "repo": "nixpkgs",
        "rev": "98ff3f9af2684f6136c24beef08f5e2033fc5389",
        "type": "github"
      },
      "original": {
        "owner": "nixos",
        "ref": "nixos-25.05",
        "repo": "nixpkgs",
        "type": "github"
      }
    },
    "nixpkgs-stable": {
      "locked": {
        "lastModified": 1760580664,
        "narHash": "sha256-/YdfibIrnqXAL8p5kqCU345mzpHoOtuVIkMiI2pF4Dc=",
        "owner": "NixOS",
        "repo": "nixpkgs",
        "rev": "98ff3f9af2684f6136c24beef08f5e2033fc5389",
        "type": "github"
      },
      "original": {
        "owner": "NixOS",
        "ref": "nixos-25.05",
        "repo": "nixpkgs",
        "type": "github"
      }
    },
    "nixpkgs-unstable": {
      "locked": {
        "lastModified": 1760524057,
        "narHash": "sha256-EVAqOteLBFmd7pKkb0+FIUyzTF61VKi7YmvP1tw4nEw=",
        "owner": "nixos",
        "repo": "nixpkgs",
        "rev": "544961dfcce86422ba200ed9a0b00dd4b1486ec5",
        "type": "github"
      },
      "original": {
        "owner": "nixos",
        "ref": "nixos-unstable",
        "repo": "nixpkgs",
        "type": "github"
      }
    },
    "quickshell": {
      "inputs": {
        "nixpkgs": [
          "home",
          "dankMaterialShell",
          "nixpkgs"
        ]
      },
      "locked": {
        "lastModified": 1760228179,
        "narHash": "sha256-4Z6k7lv3Zcgk3K+4h60LpqB9wCkR+utkYERU735U068=",
        "ref": "refs/heads/master",
        "rev": "c9d3ffb6043c5bf3f3009202bad7e0e5132c4a25",
        "revCount": 693,
        "type": "git",
        "url": "https://git.outfoxxed.me/quickshell/quickshell"
      },
      "original": {
        "type": "git",
        "url": "https://git.outfoxxed.me/quickshell/quickshell"
      }
    },
    "root": {
      "inputs": {
        "home": "home",
        "home-manager": "home-manager",
        "nixpkgs": "nixpkgs",
        "nixpkgs-unstable": "nixpkgs-unstable",
        "system": "system"
      }
    },
    "system": {
      "inputs": {
        "nixpkgs": [
          "nixpkgs"
        ],
        "nixpkgs-unstable": [
          "nixpkgs-unstable"
        ]
      },
      "locked": {
        "lastModified": 1760693000,
        "narHash": "sha256-38JkuFxrNcuMekhqMVLTE0WjbQqHZ8Frz1RNQjvRLz8=",
        "owner": "alex-kumpula",
        "repo": "system-config",
        "rev": "33240b23c14766af8c9724ef1e24d76117a329bf",
        "type": "github"
      },
      "original": {
        "owner": "alex-kumpula",
        "repo": "system-config",
        "type": "github"
      }
    },
    "xwayland-satellite-stable": {
      "flake": false,
      "locked": {
        "lastModified": 1755491097,
        "narHash": "sha256-m+9tUfsmBeF2Gn4HWa6vSITZ4Gz1eA1F5Kh62B0N4oE=",
        "owner": "Supreeeme",
        "repo": "xwayland-satellite",
        "rev": "388d291e82ffbc73be18169d39470f340707edaa",
        "type": "github"
      },
      "original": {
        "owner": "Supreeeme",
        "ref": "v0.7",
        "repo": "xwayland-satellite",
        "type": "github"
      }
    },
    "xwayland-satellite-unstable": {
      "flake": false,
      "locked": {
        "lastModified": 1759707084,
        "narHash": "sha256-0pkftKs6/LReNvxw7DVTN2AJEheZVgyeK0Aarbagi70=",
        "owner": "Supreeeme",
        "repo": "xwayland-satellite",
        "rev": "a9188e70bd748118b4d56a529871b9de5adb9988",
        "type": "github"
      },
      "original": {
        "owner": "Supreeeme",
        "repo": "xwayland-satellite",
        "type": "github"
      }
    }
  },
  "root": "root",
  "version": 7
}
